
Microsoft Visual Studio Solution File, Format Version 12.00
# Visual Studio 15
VisualStudioVersion = 15.0.28307.136
MinimumVisualStudioVersion = 10.0.40219.1
Project("{8BC9CEB8-8B4A-11D0-8D11-00A0C91BC942}") = "Lab_01.task_04", "Lab_01.task_04.vcxproj", "{188F83E1-2087-454C-888A-23A2221C2411}"
EndProject
Global
	GlobalSection(SolutionConfigurationPlatforms) = preSolution
		Debug|x64 = Debug|x64
		Debug|x86 = Debug|x86
		Release|x64 = Release|x64
		Release|x86 = Release|x86
	EndGlobalSection
	GlobalSection(ProjectConfigurationPlatforms) = postSolution
		{188F83E1-2087-454C-888A-23A2221C2411}.Debug|x64.ActiveCfg = Debug|x64
		{188F83E1-2087-454C-888A-23A2221C2411}.Debug|x64.Build.0 = Debug|x64
		{188F83E1-2087-454C-888A-23A2221C2411}.Debug|x86.ActiveCfg = Debug|Win32
		{188F83E1-2087-454C-888A-23A2221C2411}.Debug|x86.Build.0 = Debug|Win32
		{188F83E1-2087-454C-888A-23A2221C2411}.Release|x64.ActiveCfg = Release|x64
		{188F83E1-2087-454C-888A-23A2221C2411}.Release|x64.Build.0 = Release|x64
		{188F83E1-2087-454C-888A-23A2221C2411}.Release|x86.ActiveCfg = Release|Win32
		{188F83E1-2087-454C-888A-23A2221C2411}.Release|x86.Build.0 = Release|Win32
	EndGlobalSection
	GlobalSection(SolutionProperties) = preSolution
		HideSolutionNode = FALSE
	EndGlobalSection
	GlobalSection(ExtensibilityGlobals) = postSolution
		SolutionGuid = {98FD4383-6421-4BB0-95AD-43A76C9B1F71}
	EndGlobalSection
EndGlobal
